{
  "R": {
    "Version": "4.4.1",
    "Repositories": [
      {
        "Name": "CRAN",
        "URL": "https://packagemanager.posit.co/cran/latest"
      }
    ]
  },
  "Packages": {
    "rJava": {
      "Package": "rJava",
      "Version": "1.0-11",
      "Source": "Repository",
      "Repository": "CRAN",
      "Requirements": [
        "R",
        "methods"
      ],
      "Hash": "524167e771b81342f8dd7a891ed3afa8"
    },
    "renv": {
      "Package": "renv",
      "Version": "1.0.8",
      "Source": "Repository",
      "Repository": "CRAN",
      "Requirements": [
        "utils"
      ],
      "Hash": "e082251834fa427514e68bec8afc8fda"
    },
    "rstudioapi": {
      "Package": "rstudioapi",
      "Version": "0.16.0",
      "Source": "Repository",
      "Repository": "CRAN",
      "Hash": "96710351d642b70e8f02ddeb237c46a7"
    },
    "svDialogs": {
      "Package": "svDialogs",
      "Version": "1.1.0",
      "Source": "Repository",
      "Repository": "CRAN",
      "Requirements": [
        "R",
        "methods",
        "rstudioapi",
        "svGUI",
        "utils"
      ],
      "Hash": "07afbba06f2e31d5b23f48c8430ad674"
    },
    "svGUI": {
      "Package": "svGUI",
      "Version": "1.0.1",
      "Source": "Repository",
      "Repository": "CRAN",
      "Requirements": [
        "R"
      ],
      "Hash": "9fbe58db2d45cb3ce6ff47b2e1217b40"
    },
    "xlsx": {
      "Package": "xlsx",
      "Version": "0.6.5",
      "Source": "Repository",
      "Repository": "CRAN",
      "Requirements": [
        "grDevices",
        "rJava",
        "utils",
        "xlsxjars"
      ],
      "Hash": "d24d579f59a3b6da1e1cf4660425443e"
    },
    "xlsxjars": {
      "Package": "xlsxjars",
      "Version": "0.6.1",
      "Source": "Repository",
      "Repository": "CRAN",
      "Requirements": [
        "rJava"
      ],
      "Hash": "4c4b3bc29a916f33f1298dd951133351"
    }
  }
}
